
Microsoft Visual Studio Solution File, Format Version 12.00
# Visual Studio 2013
VisualStudioVersion = 12.0.40629.0
MinimumVisualStudioVersion = 10.0.40219.1
Project("{FAE04EC0-301F-11D3-BF4B-00C04F79EFBC}") = "Shop", "Shop\Shop.csproj", "{3F6DE378-8C9B-463D-89E5-34BCE2B2E2CE}"
EndProject
Project("{FAE04EC0-301F-11D3-BF4B-00C04F79EFBC}") = "Shop.Tests", "Shop.Tests\Shop.Tests.csproj", "{4DE6BD4C-123F-407A-A5B2-B5F56BC0A64F}"
EndProject
Project("{FAE04EC0-301F-11D3-BF4B-00C04F79EFBC}") = "Shop.Model", "Shop.Model\Shop.Model.csproj", "{BF480E4D-B041-4DEC-AD44-73385E56C1C8}"
EndProject
Project("{FAE04EC0-301F-11D3-BF4B-00C04F79EFBC}") = "Shop.Api", "Shop.Api\Shop.Api.csproj", "{73FA3E07-2926-47FF-A616-328D8C7F32A8}"
EndProject
Project("{FAE04EC0-301F-11D3-BF4B-00C04F79EFBC}") = "Shop.Repository", "Shop.Repository\Shop.Repository.csproj", "{E6CCE1F4-7824-458B-8840-22E10E9B12BE}"
EndProject
Project("{FAE04EC0-301F-11D3-BF4B-00C04F79EFBC}") = "Shop.DataEntry", "DataEntry\Shop.DataEntry.csproj", "{70FE23D7-5EE1-42D0-8364-EDECC15E158C}"
EndProject
Global
	GlobalSection(SolutionConfigurationPlatforms) = preSolution
		Debug|Any CPU = Debug|Any CPU
		Release|Any CPU = Release|Any CPU
	EndGlobalSection
	GlobalSection(ProjectConfigurationPlatforms) = postSolution
		{3F6DE378-8C9B-463D-89E5-34BCE2B2E2CE}.Debug|Any CPU.ActiveCfg = Debug|Any CPU
		{3F6DE378-8C9B-463D-89E5-34BCE2B2E2CE}.Debug|Any CPU.Build.0 = Debug|Any CPU
		{3F6DE378-8C9B-463D-89E5-34BCE2B2E2CE}.Release|Any CPU.ActiveCfg = Release|Any CPU
		{3F6DE378-8C9B-463D-89E5-34BCE2B2E2CE}.Release|Any CPU.Build.0 = Release|Any CPU
		{4DE6BD4C-123F-407A-A5B2-B5F56BC0A64F}.Debug|Any CPU.ActiveCfg = Debug|Any CPU
		{4DE6BD4C-123F-407A-A5B2-B5F56BC0A64F}.Debug|Any CPU.Build.0 = Debug|Any CPU
		{4DE6BD4C-123F-407A-A5B2-B5F56BC0A64F}.Release|Any CPU.ActiveCfg = Release|Any CPU
		{4DE6BD4C-123F-407A-A5B2-B5F56BC0A64F}.Release|Any CPU.Build.0 = Release|Any CPU
		{BF480E4D-B041-4DEC-AD44-73385E56C1C8}.Debug|Any CPU.ActiveCfg = Debug|Any CPU
		{BF480E4D-B041-4DEC-AD44-73385E56C1C8}.Debug|Any CPU.Build.0 = Debug|Any CPU
		{BF480E4D-B041-4DEC-AD44-73385E56C1C8}.Release|Any CPU.ActiveCfg = Release|Any CPU
		{BF480E4D-B041-4DEC-AD44-73385E56C1C8}.Release|Any CPU.Build.0 = Release|Any CPU
		{73FA3E07-2926-47FF-A616-328D8C7F32A8}.Debug|Any CPU.ActiveCfg = Debug|Any CPU
		{73FA3E07-2926-47FF-A616-328D8C7F32A8}.Debug|Any CPU.Build.0 = Debug|Any CPU
		{73FA3E07-2926-47FF-A616-328D8C7F32A8}.Release|Any CPU.ActiveCfg = Release|Any CPU
		{73FA3E07-2926-47FF-A616-328D8C7F32A8}.Release|Any CPU.Build.0 = Release|Any CPU
		{E6CCE1F4-7824-458B-8840-22E10E9B12BE}.Debug|Any CPU.ActiveCfg = Debug|Any CPU
		{E6CCE1F4-7824-458B-8840-22E10E9B12BE}.Debug|Any CPU.Build.0 = Debug|Any CPU
		{E6CCE1F4-7824-458B-8840-22E10E9B12BE}.Release|Any CPU.ActiveCfg = Release|Any CPU
		{E6CCE1F4-7824-458B-8840-22E10E9B12BE}.Release|Any CPU.Build.0 = Release|Any CPU
		{70FE23D7-5EE1-42D0-8364-EDECC15E158C}.Debug|Any CPU.ActiveCfg = Debug|Any CPU
		{70FE23D7-5EE1-42D0-8364-EDECC15E158C}.Debug|Any CPU.Build.0 = Debug|Any CPU
		{70FE23D7-5EE1-42D0-8364-EDECC15E158C}.Release|Any CPU.ActiveCfg = Release|Any CPU
		{70FE23D7-5EE1-42D0-8364-EDECC15E158C}.Release|Any CPU.Build.0 = Release|Any CPU
	EndGlobalSection
	GlobalSection(SolutionProperties) = preSolution
		HideSolutionNode = FALSE
	EndGlobalSection
EndGlobal
